
Microsoft Visual Studio Solution File, Format Version 12.00
# Visual Studio Version 17
VisualStudioVersion = 17.2.32516.85
MinimumVisualStudioVersion = 10.0.40219.1
Project("{FAE04EC0-301F-11D3-BF4B-00C04F79EFBC}") = "StringLibrary", "StringLibrary\StringLibrary.csproj", "{BAC2DA98-33C6-42D2-976D-5B5FABBF36F1}"
EndProject
Project("{FAE04EC0-301F-11D3-BF4B-00C04F79EFBC}") = "ShowCase", "ShowCase\ShowCase.csproj", "{EEBFB570-9433-4F1A-93EB-4F09BB3AFFB6}"
EndProject
Global
	GlobalSection(SolutionConfigurationPlatforms) = preSolution
		Debug|Any CPU = Debug|Any CPU
		Release|Any CPU = Release|Any CPU
	EndGlobalSection
	GlobalSection(ProjectConfigurationPlatforms) = postSolution
		{BAC2DA98-33C6-42D2-976D-5B5FABBF36F1}.Debug|Any CPU.ActiveCfg = Debug|Any CPU
		{BAC2DA98-33C6-42D2-976D-5B5FABBF36F1}.Debug|Any CPU.Build.0 = Debug|Any CPU
		{BAC2DA98-33C6-42D2-976D-5B5FABBF36F1}.Release|Any CPU.ActiveCfg = Release|Any CPU
		{BAC2DA98-33C6-42D2-976D-5B5FABBF36F1}.Release|Any CPU.Build.0 = Release|Any CPU
		{EEBFB570-9433-4F1A-93EB-4F09BB3AFFB6}.Debug|Any CPU.ActiveCfg = Debug|Any CPU
		{EEBFB570-9433-4F1A-93EB-4F09BB3AFFB6}.Debug|Any CPU.Build.0 = Debug|Any CPU
		{EEBFB570-9433-4F1A-93EB-4F09BB3AFFB6}.Release|Any CPU.ActiveCfg = Release|Any CPU
		{EEBFB570-9433-4F1A-93EB-4F09BB3AFFB6}.Release|Any CPU.Build.0 = Release|Any CPU
	EndGlobalSection
	GlobalSection(SolutionProperties) = preSolution
		HideSolutionNode = FALSE
	EndGlobalSection
	GlobalSection(ExtensibilityGlobals) = postSolution
		SolutionGuid = {EB93EF09-7755-4156-B9EE-15D3999E6EF2}
	EndGlobalSection
EndGlobal
